
Microsoft Visual Studio Solution File, Format Version 12.00
# Visual Studio Version 17
VisualStudioVersion = 17.4.33122.133
MinimumVisualStudioVersion = 10.0.40219.1
Project("{FAE04EC0-301F-11D3-BF4B-00C04F79EFBC}") = "Tests", "Tests\Tests.csproj", "{17426F1C-2B0D-4128-8B87-0CF180FA4357}"
EndProject
Project("{FAE04EC0-301F-11D3-BF4B-00C04F79EFBC}") = "AdventOfCode", "AdventOfCode\AdventOfCode.csproj", "{0559B84C-BB45-4446-8664-0EE06374F9F6}"
EndProject
Global
	GlobalSection(SolutionConfigurationPlatforms) = preSolution
		Debug|Any CPU = Debug|Any CPU
		Release|Any CPU = Release|Any CPU
	EndGlobalSection
	GlobalSection(ProjectConfigurationPlatforms) = postSolution
		{17426F1C-2B0D-4128-8B87-0CF180FA4357}.Debug|Any CPU.ActiveCfg = Debug|Any CPU
		{17426F1C-2B0D-4128-8B87-0CF180FA4357}.Debug|Any CPU.Build.0 = Debug|Any CPU
		{17426F1C-2B0D-4128-8B87-0CF180FA4357}.Release|Any CPU.ActiveCfg = Release|Any CPU
		{17426F1C-2B0D-4128-8B87-0CF180FA4357}.Release|Any CPU.Build.0 = Release|Any CPU
		{0559B84C-BB45-4446-8664-0EE06374F9F6}.Debug|Any CPU.ActiveCfg = Debug|Any CPU
		{0559B84C-BB45-4446-8664-0EE06374F9F6}.Debug|Any CPU.Build.0 = Debug|Any CPU
		{0559B84C-BB45-4446-8664-0EE06374F9F6}.Release|Any CPU.ActiveCfg = Release|Any CPU
		{0559B84C-BB45-4446-8664-0EE06374F9F6}.Release|Any CPU.Build.0 = Release|Any CPU
	EndGlobalSection
	GlobalSection(SolutionProperties) = preSolution
		HideSolutionNode = FALSE
	EndGlobalSection
	GlobalSection(ExtensibilityGlobals) = postSolution
		SolutionGuid = {27FBD36C-BD4A-4290-9A37-2C3B385D7E9E}
	EndGlobalSection
EndGlobal
